
Microsoft Visual Studio Solution File, Format Version 12.00
# Visual Studio Version 17
VisualStudioVersion = 17.11.35208.52
MinimumVisualStudioVersion = 10.0.40219.1
Project("{FAE04EC0-301F-11D3-BF4B-00C04F79EFBC}") = "Tarea Extraclase #2", "Tarea Extraclase #2\Tarea Extraclase #2.csproj", "{F6C72B0B-4B3D-4355-916E-2FC9BCE84781}"
EndProject
Project("{FAE04EC0-301F-11D3-BF4B-00C04F79EFBC}") = "TareaTests", "TareaTests\TareaTests.csproj", "{47F4FFB6-7B66-4CE1-BCDC-6158241090A6}"
EndProject
Global
	GlobalSection(SolutionConfigurationPlatforms) = preSolution
		Debug|Any CPU = Debug|Any CPU
		Release|Any CPU = Release|Any CPU
	EndGlobalSection
	GlobalSection(ProjectConfigurationPlatforms) = postSolution
		{F6C72B0B-4B3D-4355-916E-2FC9BCE84781}.Debug|Any CPU.ActiveCfg = Debug|Any CPU
		{F6C72B0B-4B3D-4355-916E-2FC9BCE84781}.Debug|Any CPU.Build.0 = Debug|Any CPU
		{F6C72B0B-4B3D-4355-916E-2FC9BCE84781}.Release|Any CPU.ActiveCfg = Release|Any CPU
		{F6C72B0B-4B3D-4355-916E-2FC9BCE84781}.Release|Any CPU.Build.0 = Release|Any CPU
		{47F4FFB6-7B66-4CE1-BCDC-6158241090A6}.Debug|Any CPU.ActiveCfg = Debug|Any CPU
		{47F4FFB6-7B66-4CE1-BCDC-6158241090A6}.Debug|Any CPU.Build.0 = Debug|Any CPU
		{47F4FFB6-7B66-4CE1-BCDC-6158241090A6}.Release|Any CPU.ActiveCfg = Release|Any CPU
		{47F4FFB6-7B66-4CE1-BCDC-6158241090A6}.Release|Any CPU.Build.0 = Release|Any CPU
	EndGlobalSection
	GlobalSection(SolutionProperties) = preSolution
		HideSolutionNode = FALSE
	EndGlobalSection
	GlobalSection(ExtensibilityGlobals) = postSolution
		SolutionGuid = {F8DE3AAB-55F9-4215-B1D9-3323A9FD8B7C}
	EndGlobalSection
EndGlobal
